<?xml version="1.0" encoding="utf-8"?>
<Project ToolsVersion="4.0" xmlns="http://schemas.microsoft.com/developer/msbuild/2003">
  <ItemGroup>
    <ClInclude Include="SpriteRenderComponent.h">
      <Filter>Components</Filter>
    </ClInclude>
    <ClInclude Include="Vector.h">
      <Filter>Maths</Filter>
    </ClInclude>
    <ClInclude Include="Transform.h">
      <Filter>Maths</Filter>
    </ClInclude>
    <ClInclude Include="Matrix.h">
      <Filter>Maths</Filter>
    </ClInclude>
    <ClInclude Include="ResourceManager.h">
      <Filter>Resources</Filter>
    </ClInclude>
    <ClInclude Include="Event.h">
      <Filter>Utility</Filter>
    </ClInclude>
    <ClInclude Include="IDList.h">
      <Filter>Utility</Filter>
    </ClInclude>
    <ClInclude Include="Resource.h">
      <Filter>Resources</Filter>
    </ClInclude>
    <ClInclude Include="Texture.h">
      <Filter>Resources</Filter>
    </ClInclude>
    <ClInclude Include="Blob.h">
      <Filter>Resources</Filter>
    </ClInclude>
    <ClInclude Include="BinaryReader.h">
      <Filter>Resources</Filter>
    </ClInclude>
    <ClInclude Include="UpdateStage.h">
      <Filter>Core</Filter>
    </ClInclude>
    <ClInclude Include="Entity.h">
      <Filter>Core</Filter>
    </ClInclude>
    <ClInclude Include="Multiverse.h">
      <Filter>Core</Filter>
    </ClInclude>
    <ClInclude Include="setup.h">
      <Filter>Core</Filter>
    </ClInclude>
    <ClInclude Include="Universe.h">
      <Filter>Core</Filter>
    </ClInclude>
    <ClInclude Include="Component.h">
      <Filter>Core</Filter>
    </ClInclude>
    <ClInclude Include="ThreadPool.h">
      <Filter>Utility</Filter>
    </ClInclude>
    <ClInclude Include="Collider.h">
      <Filter>Collision</Filter>
    </ClInclude>
    <ClInclude Include="CollisionShape.h">
      <Filter>Collision</Filter>
    </ClInclude>
    <ClInclude Include="SpriteSheet.h">
      <Filter>Resources</Filter>
    </ClInclude>
    <ClInclude Include="Renderer.h">
      <Filter>Graphics</Filter>
    </ClInclude>
    <ClInclude Include="MultiversePCH.h">
      <Filter>Core</Filter>
    </ClInclude>
    <ClInclude Include="ServiceLocator.h">
      <Filter>Services</Filter>
    </ClInclude>
    <ClInclude Include="TemplateUtils.h">
      <Filter>Utility</Filter>
    </ClInclude>
    <ClInclude Include="ConsoleLogger.h">
      <Filter>Utility</Filter>
    </ClInclude>
    <ClInclude Include="Debug.h">
      <Filter>Services</Filter>
    </ClInclude>
    <ClInclude Include="ServiceProxy.h">
      <Filter>Services</Filter>
    </ClInclude>
    <ClInclude Include="Input.h">
      <Filter>Services</Filter>
    </ClInclude>
    <ClInclude Include="Scancodes.h">
      <Filter>Input</Filter>
    </ClInclude>
    <ClInclude Include="SDLInputHandler.h">
      <Filter>Input</Filter>
    </ClInclude>
  </ItemGroup>
  <ItemGroup>
    <ClCompile Include="ResourceManager.cpp">
      <Filter>Resources</Filter>
    </ClCompile>
    <ClCompile Include="SpriteRenderComponent.cpp">
      <Filter>Components</Filter>
    </ClCompile>
    <ClCompile Include="Resource.cpp">
      <Filter>Resources</Filter>
    </ClCompile>
    <ClCompile Include="Texture.cpp">
      <Filter>Resources</Filter>
    </ClCompile>
    <ClCompile Include="Blob.cpp">
      <Filter>Resources</Filter>
    </ClCompile>
    <ClCompile Include="BinaryReader.cpp">
      <Filter>Resources</Filter>
    </ClCompile>
    <ClCompile Include="Entity.cpp">
      <Filter>Core</Filter>
    </ClCompile>
    <ClCompile Include="Multiverse.cpp">
      <Filter>Core</Filter>
    </ClCompile>
    <ClCompile Include="Universe.cpp">
      <Filter>Core</Filter>
    </ClCompile>
    <ClCompile Include="Component.cpp">
      <Filter>Core</Filter>
    </ClCompile>
    <ClCompile Include="ThreadPool.cpp">
      <Filter>Utility</Filter>
    </ClCompile>
    <ClCompile Include="Transform.cpp">
      <Filter>Maths</Filter>
    </ClCompile>
    <ClCompile Include="CollisionShape.cpp">
      <Filter>Collision</Filter>
    </ClCompile>
    <ClCompile Include="Collider.cpp">
      <Filter>Collision</Filter>
    </ClCompile>
    <ClCompile Include="Renderer.cpp">
      <Filter>Graphics</Filter>
    </ClCompile>
    <ClCompile Include="SpriteSheet.cpp">
      <Filter>Resources</Filter>
    </ClCompile>
    <ClCompile Include="stb_image.cpp">
      <Filter>Graphics</Filter>
    </ClCompile>
    <ClCompile Include="MultiversePCH.cpp">
      <Filter>Core</Filter>
    </ClCompile>
    <ClCompile Include="ConsoleLogger.cpp">
      <Filter>Utility</Filter>
    </ClCompile>
    <ClCompile Include="SDLInputHandler.cpp" />
  </ItemGroup>
  <ItemGroup>
    <Filter Include="Components">
      <UniqueIdentifier>{150e1916-54cf-467e-b4b1-dffe30cc3c69}</UniqueIdentifier>
    </Filter>
    <Filter Include="Maths">
      <UniqueIdentifier>{6b30b972-cdf9-4906-a71d-5078628eee18}</UniqueIdentifier>
    </Filter>
    <Filter Include="Resources">
      <UniqueIdentifier>{05c76eb8-1101-4562-a77d-abad82a54cf4}</UniqueIdentifier>
    </Filter>
    <Filter Include="Utility">
      <UniqueIdentifier>{fbbb7242-fe57-4d34-8a4a-cf98f1372749}</UniqueIdentifier>
    </Filter>
    <Filter Include="Core">
      <UniqueIdentifier>{2d98f738-a05f-4386-a175-2769ae74b5b1}</UniqueIdentifier>
    </Filter>
    <Filter Include="Collision">
      <UniqueIdentifier>{1cdf8096-efc6-45d1-827b-081753b94b23}</UniqueIdentifier>
    </Filter>
    <Filter Include="Graphics">
      <UniqueIdentifier>{fe504302-2ef4-42b9-bfb0-6e12aacef28d}</UniqueIdentifier>
    </Filter>
    <Filter Include="Services">
      <UniqueIdentifier>{996d939d-2dd8-47d7-9aa5-96907a5d15ad}</UniqueIdentifier>
    </Filter>
    <Filter Include="Input">
      <UniqueIdentifier>{63749e6b-64a1-48a5-953c-36f232aa48ed}</UniqueIdentifier>
    </Filter>
  </ItemGroup>
  <ItemGroup>
    <None Include="Vector.inl">
      <Filter>Maths</Filter>
    </None>
    <None Include="Matrix.inl">
      <Filter>Maths</Filter>
    </None>
    <None Include="Event.inl">
      <Filter>Utility</Filter>
    </None>
    <None Include="IDList.inl">
      <Filter>Utility</Filter>
    </None>
    <None Include="BinaryReader.inl">
      <Filter>Resources</Filter>
    </None>
    <None Include="Entity.inl">
      <Filter>Core</Filter>
    </None>
    <None Include="Universe.inl">
      <Filter>Core</Filter>
    </None>
    <None Include="ThreadPool.inl">
      <Filter>Utility</Filter>
    </None>
    <None Include="CollisionShape.inl">
      <Filter>Collision</Filter>
    </None>
    <None Include="ServiceLocator.inl">
      <Filter>Services</Filter>
    </None>
    <None Include="ServiceProxy.inl">
      <Filter>Services</Filter>
    </None>
  </ItemGroup>
</Project>